{
  "nodes": {
    "conform-nvim": {
      "flake": false,
      "locked": {
        "lastModified": 1698762588,
        "narHash": "sha256-JBEdusfQA7Tf0JxuqvKxaFevTKtt/aX1815/A+hLCbU=",
        "owner": "stevearc",
        "repo": "conform.nvim",
        "rev": "2c1e852fbf723b7d89b14fd28089472d92edeeb9",
        "type": "github"
      },
      "original": {
        "owner": "stevearc",
        "repo": "conform.nvim",
        "type": "github"
      }
    },
    "github-nvim-theme": {
      "flake": false,
      "locked": {
        "lastModified": 1695464741,
        "narHash": "sha256-v+tFr2/fbEk8l5LTn5JiFxErhmgsmETskLvL1+H7zTs=",
        "owner": "projekt0n",
        "repo": "github-nvim-theme",
        "rev": "48f95f763e1a98e508260a20e448c3ff2d91213a",
        "type": "github"
      },
      "original": {
        "owner": "projekt0n",
        "repo": "github-nvim-theme",
        "type": "github"
      }
    },
    "home-manager": {
      "inputs": {
        "nixpkgs": [
          "nixpkgs"
        ]
      },
      "locked": {
        "lastModified": 1698795315,
        "narHash": "sha256-fF5ScAWLMHXOuqsbLSG137kS1D+gr9JPtm4H2c4yBbU=",
        "owner": "nix-community",
        "repo": "home-manager",
        "rev": "9bc7d84b8213255ecd5eb6299afdb77c36ece71d",
        "type": "github"
      },
      "original": {
        "owner": "nix-community",
        "repo": "home-manager",
        "type": "github"
      }
    },
    "mini-nvim": {
      "flake": false,
      "locked": {
        "lastModified": 1698575610,
        "narHash": "sha256-bfulVIqduxkTzLca2S1NvbTsUJOUJ1eTUvkFPdvQu1E=",
        "owner": "echasnovski",
        "repo": "mini.nvim",
        "rev": "9b379d3bb8aac34015f27acd0e981d67e334ab12",
        "type": "github"
      },
      "original": {
        "owner": "echasnovski",
        "repo": "mini.nvim",
        "type": "github"
      }
    },
    "nixpkgs": {
      "locked": {
        "lastModified": 1698611440,
        "narHash": "sha256-jPjHjrerhYDy3q9+s5EAsuhyhuknNfowY6yt6pjn9pc=",
        "owner": "nixos",
        "repo": "nixpkgs",
        "rev": "0cbe9f69c234a7700596e943bfae7ef27a31b735",
        "type": "github"
      },
      "original": {
        "owner": "nixos",
        "ref": "nixos-unstable",
        "repo": "nixpkgs",
        "type": "github"
      }
    },
    "nvim-cmp": {
      "flake": false,
      "locked": {
        "lastModified": 1698198870,
        "narHash": "sha256-f+ZpSOhBNHW5SgPFQ1ciJnv5Ntm5tX3CErlvMvREtkA=",
        "owner": "hrsh7th",
        "repo": "nvim-cmp",
        "rev": "51260c02a8ffded8e16162dcf41a23ec90cfba62",
        "type": "github"
      },
      "original": {
        "owner": "hrsh7th",
        "repo": "nvim-cmp",
        "type": "github"
      }
    },
    "nvim-cmp-buffer": {
      "flake": false,
      "locked": {
        "lastModified": 1660101488,
        "narHash": "sha256-dG4U7MtnXThoa/PD+qFtCt76MQ14V1wX8GMYcvxEnbM=",
        "owner": "hrsh7th",
        "repo": "cmp-buffer",
        "rev": "3022dbc9166796b644a841a02de8dd1cc1d311fa",
        "type": "github"
      },
      "original": {
        "owner": "hrsh7th",
        "repo": "cmp-buffer",
        "type": "github"
      }
    },
    "nvim-cmp-lsp": {
      "flake": false,
      "locked": {
        "lastModified": 1687494203,
        "narHash": "sha256-mU0soCz79erJXMMqD/FyrJZ0mu2n6fE0deymPzQlxts=",
        "owner": "hrsh7th",
        "repo": "cmp-nvim-lsp",
        "rev": "44b16d11215dce86f253ce0c30949813c0a90765",
        "type": "github"
      },
      "original": {
        "owner": "hrsh7th",
        "repo": "cmp-nvim-lsp",
        "type": "github"
      }
    },
    "nvim-cmp-path": {
      "flake": false,
      "locked": {
        "lastModified": 1664784283,
        "narHash": "sha256-thppiiV3wjIaZnAXmsh7j3DUc6ceSCvGzviwFUnoPaI=",
        "owner": "hrsh7th",
        "repo": "cmp-path",
        "rev": "91ff86cd9c29299a64f968ebb45846c485725f23",
        "type": "github"
      },
      "original": {
        "owner": "hrsh7th",
        "repo": "cmp-path",
        "type": "github"
      }
    },
    "nvim-lint": {
      "flake": false,
      "locked": {
        "lastModified": 1698175882,
        "narHash": "sha256-G+mJFZb/s5/odp7RELSIxIHp4OyTjRi+UscfM5YR/E0=",
        "owner": "mfussenegger",
        "repo": "nvim-lint",
        "rev": "962a76877a4479a535b935bd7ef35ad41ba308b2",
        "type": "github"
      },
      "original": {
        "owner": "mfussenegger",
        "repo": "nvim-lint",
        "type": "github"
      }
    },
    "root": {
      "inputs": {
        "conform-nvim": "conform-nvim",
        "github-nvim-theme": "github-nvim-theme",
        "home-manager": "home-manager",
        "mini-nvim": "mini-nvim",
        "nixpkgs": "nixpkgs",
        "nvim-cmp": "nvim-cmp",
        "nvim-cmp-buffer": "nvim-cmp-buffer",
        "nvim-cmp-lsp": "nvim-cmp-lsp",
        "nvim-cmp-path": "nvim-cmp-path",
        "nvim-lint": "nvim-lint",
        "vim-fugitive": "vim-fugitive"
      }
    },
    "vim-fugitive": {
      "flake": false,
      "locked": {
        "lastModified": 1698598804,
        "narHash": "sha256-b6x8suCHRMYzqu/PGlt5FPg+7/CilkjWzlkBZ3i3H/c=",
        "owner": "tpope",
        "repo": "vim-fugitive",
        "rev": "46eaf8918b347906789df296143117774e827616",
        "type": "github"
      },
      "original": {
        "owner": "tpope",
        "repo": "vim-fugitive",
        "type": "github"
      }
    }
  },
  "root": "root",
  "version": 7
}
