{
  "nodes": {
    "conform-nvim": {
      "flake": false,
      "locked": {
        "lastModified": 1698115521,
        "narHash": "sha256-D8Ncxivp75oOf+KXPdkLWMOQ091XlnFEsQ4c0EtOTAI=",
        "owner": "stevearc",
        "repo": "conform.nvim",
        "rev": "e4ecb6e8ed3163c86d7e647f1dc3d94de77ca687",
        "type": "github"
      },
      "original": {
        "owner": "stevearc",
        "repo": "conform.nvim",
        "type": "github"
      }
    },
    "github-nvim-theme": {
      "flake": false,
      "locked": {
        "lastModified": 1695464741,
        "narHash": "sha256-v+tFr2/fbEk8l5LTn5JiFxErhmgsmETskLvL1+H7zTs=",
        "owner": "projekt0n",
        "repo": "github-nvim-theme",
        "rev": "48f95f763e1a98e508260a20e448c3ff2d91213a",
        "type": "github"
      },
      "original": {
        "owner": "projekt0n",
        "repo": "github-nvim-theme",
        "type": "github"
      }
    },
    "home-manager": {
      "inputs": {
        "nixpkgs": [
          "nixpkgs"
        ]
      },
      "locked": {
        "lastModified": 1698069042,
        "narHash": "sha256-L6U8qNhQ3KjQ04voQ+QLQCnFbD5NuIlqC9DO9T7jIZY=",
        "owner": "nix-community",
        "repo": "home-manager",
        "rev": "f540f30f1f3c76b68922550dcf5f78f42732fd37",
        "type": "github"
      },
      "original": {
        "owner": "nix-community",
        "repo": "home-manager",
        "type": "github"
      }
    },
    "mini-nvim": {
      "flake": false,
      "locked": {
        "lastModified": 1698047600,
        "narHash": "sha256-9Ec8snI7dtU0TLd1J8oCLjxpe9D0Dsle3ttqUpq3f2k=",
        "owner": "echasnovski",
        "repo": "mini.nvim",
        "rev": "66e3cdceaba8c0cd089d6f42cb95e04355718f7a",
        "type": "github"
      },
      "original": {
        "owner": "echasnovski",
        "repo": "mini.nvim",
        "type": "github"
      }
    },
    "nixpkgs": {
      "locked": {
        "lastModified": 1697723726,
        "narHash": "sha256-SaTWPkI8a5xSHX/rrKzUe+/uVNy6zCGMXgoeMb7T9rg=",
        "owner": "nixos",
        "repo": "nixpkgs",
        "rev": "7c9cc5a6e5d38010801741ac830a3f8fd667a7a0",
        "type": "github"
      },
      "original": {
        "owner": "nixos",
        "ref": "nixos-unstable",
        "repo": "nixpkgs",
        "type": "github"
      }
    },
    "nvim-cmp": {
      "flake": false,
      "locked": {
        "lastModified": 1697611032,
        "narHash": "sha256-HZQxbeyH3RoYDUGDm2hHz5dY/6ST5LJTK5JNgm1+wgc=",
        "owner": "hrsh7th",
        "repo": "nvim-cmp",
        "rev": "d3a3056204e1a9dbb7c7fe36c114dc43b681768c",
        "type": "github"
      },
      "original": {
        "owner": "hrsh7th",
        "repo": "nvim-cmp",
        "type": "github"
      }
    },
    "nvim-cmp-buffer": {
      "flake": false,
      "locked": {
        "lastModified": 1660101488,
        "narHash": "sha256-dG4U7MtnXThoa/PD+qFtCt76MQ14V1wX8GMYcvxEnbM=",
        "owner": "hrsh7th",
        "repo": "cmp-buffer",
        "rev": "3022dbc9166796b644a841a02de8dd1cc1d311fa",
        "type": "github"
      },
      "original": {
        "owner": "hrsh7th",
        "repo": "cmp-buffer",
        "type": "github"
      }
    },
    "nvim-cmp-lsp": {
      "flake": false,
      "locked": {
        "lastModified": 1687494203,
        "narHash": "sha256-mU0soCz79erJXMMqD/FyrJZ0mu2n6fE0deymPzQlxts=",
        "owner": "hrsh7th",
        "repo": "cmp-nvim-lsp",
        "rev": "44b16d11215dce86f253ce0c30949813c0a90765",
        "type": "github"
      },
      "original": {
        "owner": "hrsh7th",
        "repo": "cmp-nvim-lsp",
        "type": "github"
      }
    },
    "nvim-cmp-path": {
      "flake": false,
      "locked": {
        "lastModified": 1664784283,
        "narHash": "sha256-thppiiV3wjIaZnAXmsh7j3DUc6ceSCvGzviwFUnoPaI=",
        "owner": "hrsh7th",
        "repo": "cmp-path",
        "rev": "91ff86cd9c29299a64f968ebb45846c485725f23",
        "type": "github"
      },
      "original": {
        "owner": "hrsh7th",
        "repo": "cmp-path",
        "type": "github"
      }
    },
    "nvim-lint": {
      "flake": false,
      "locked": {
        "lastModified": 1698125267,
        "narHash": "sha256-fjb6LYfyJiHqYBDVxngWhLB9fm02U6Sp+z+b1JQl1Xg=",
        "owner": "mfussenegger",
        "repo": "nvim-lint",
        "rev": "158232735a7f7d9c5de2aadb8bde4d5d67724f13",
        "type": "github"
      },
      "original": {
        "owner": "mfussenegger",
        "repo": "nvim-lint",
        "type": "github"
      }
    },
    "root": {
      "inputs": {
        "conform-nvim": "conform-nvim",
        "github-nvim-theme": "github-nvim-theme",
        "home-manager": "home-manager",
        "mini-nvim": "mini-nvim",
        "nixpkgs": "nixpkgs",
        "nvim-cmp": "nvim-cmp",
        "nvim-cmp-buffer": "nvim-cmp-buffer",
        "nvim-cmp-lsp": "nvim-cmp-lsp",
        "nvim-cmp-path": "nvim-cmp-path",
        "nvim-lint": "nvim-lint",
        "vim-fugitive": "vim-fugitive"
      }
    },
    "vim-fugitive": {
      "flake": false,
      "locked": {
        "lastModified": 1696899192,
        "narHash": "sha256-poNiZqRMuw2+xlPsY8BIA3OCjRCpbh7uAyaWmlgPCUs=",
        "owner": "tpope",
        "repo": "vim-fugitive",
        "rev": "cbe9dfa162c178946afa689dd3f42d4ea8bf89c1",
        "type": "github"
      },
      "original": {
        "owner": "tpope",
        "repo": "vim-fugitive",
        "type": "github"
      }
    }
  },
  "root": "root",
  "version": 7
}
